// !$*UTF8*$!
{
	archiveVersion = 1;
	classes = {
	};
	objectVersion = 55;
	objects = {

/* Begin PBXBuildFile section */
		8F0742BF271C710A004987CF /* AppDelegate.swift in Sources */ = {isa = PBXBuildFile; fileRef = 8F0742BE271C710A004987CF /* AppDelegate.swift */; };
		8F0742C1271C710A004987CF /* SceneDelegate.swift in Sources */ = {isa = PBXBuildFile; fileRef = 8F0742C0271C710A004987CF /* SceneDelegate.swift */; };
		8F0742C3271C710A004987CF /* ViewController.swift in Sources */ = {isa = PBXBuildFile; fileRef = 8F0742C2271C710A004987CF /* ViewController.swift */; };
		8F0742C6271C710A004987CF /* Main.storyboard in Resources */ = {isa = PBXBuildFile; fileRef = 8F0742C4271C710A004987CF /* Main.storyboard */; };
		8F0742C8271C710C004987CF /* Assets.xcassets in Resources */ = {isa = PBXBuildFile; fileRef = 8F0742C7271C710C004987CF /* Assets.xcassets */; };
		8F0742CB271C710C004987CF /* LaunchScreen.storyboard in Resources */ = {isa = PBXBuildFile; fileRef = 8F0742C9271C710C004987CF /* LaunchScreen.storyboard */; };
		8F0742DD271C97EA004987CF /* nssl0049.jpg in Resources */ = {isa = PBXBuildFile; fileRef = 8F0742D3271C97EA004987CF /* nssl0049.jpg */; };
		8F0742DE271C97EA004987CF /* nssl0046.jpg in Resources */ = {isa = PBXBuildFile; fileRef = 8F0742D4271C97EA004987CF /* nssl0046.jpg */; };
		8F0742DF271C97EA004987CF /* nssl0091.jpg in Resources */ = {isa = PBXBuildFile; fileRef = 8F0742D5271C97EA004987CF /* nssl0091.jpg */; };
		8F0742E0271C97EA004987CF /* nssl0045.jpg in Resources */ = {isa = PBXBuildFile; fileRef = 8F0742D6271C97EA004987CF /* nssl0045.jpg */; };
		8F0742E1271C97EA004987CF /* nssl0051.jpg in Resources */ = {isa = PBXBuildFile; fileRef = 8F0742D7271C97EA004987CF /* nssl0051.jpg */; };
		8F0742E2271C97EA004987CF /* nssl0041.jpg in Resources */ = {isa = PBXBuildFile; fileRef = 8F0742D8271C97EA004987CF /* nssl0041.jpg */; };
		8F0742E3271C97EA004987CF /* nssl0042.jpg in Resources */ = {isa = PBXBuildFile; fileRef = 8F0742D9271C97EA004987CF /* nssl0042.jpg */; };
		8F0742E4271C97EA004987CF /* nssl0043.jpg in Resources */ = {isa = PBXBuildFile; fileRef = 8F0742DA271C97EA004987CF /* nssl0043.jpg */; };
		8F0742E5271C97EA004987CF /* nssl0033.jpg in Resources */ = {isa = PBXBuildFile; fileRef = 8F0742DB271C97EA004987CF /* nssl0033.jpg */; };
		8F0742E6271C97EA004987CF /* nssl0034.jpg in Resources */ = {isa = PBXBuildFile; fileRef = 8F0742DC271C97EA004987CF /* nssl0034.jpg */; };
		8F0742E9271DE416004987CF /* DetailViewController.swift in Sources */ = {isa = PBXBuildFile; fileRef = 8F0742E7271DE416004987CF /* DetailViewController.swift */; };
		8F0742EA271DE416004987CF /* DetailViewController.xib in Resources */ = {isa = PBXBuildFile; fileRef = 8F0742E8271DE416004987CF /* DetailViewController.xib */; };
/* End PBXBuildFile section */

/* Begin PBXFileReference section */
		8F0742BB271C710A004987CF /* Project3.app */ = {isa = PBXFileReference; explicitFileType = wrapper.application; includeInIndex = 0; path = Project3.app; sourceTree = BUILT_PRODUCTS_DIR; };
		8F0742BE271C710A004987CF /* AppDelegate.swift */ = {isa = PBXFileReference; lastKnownFileType = sourcecode.swift; path = AppDelegate.swift; sourceTree = "<group>"; };
		8F0742C0271C710A004987CF /* SceneDelegate.swift */ = {isa = PBXFileReference; lastKnownFileType = sourcecode.swift; path = SceneDelegate.swift; sourceTree = "<group>"; };
		8F0742C2271C710A004987CF /* ViewController.swift */ = {isa = PBXFileReference; lastKnownFileType = sourcecode.swift; path = ViewController.swift; sourceTree = "<group>"; };
		8F0742C5271C710A004987CF /* Base */ = {isa = PBXFileReference; lastKnownFileType = file.storyboard; name = Base; path = Base.lproj/Main.storyboard; sourceTree = "<group>"; };
		8F0742C7271C710C004987CF /* Assets.xcassets */ = {isa = PBXFileReference; lastKnownFileType = folder.assetcatalog; path = Assets.xcassets; sourceTree = "<group>"; };
		8F0742CA271C710C004987CF /* Base */ = {isa = PBXFileReference; lastKnownFileType = file.storyboard; name = Base; path = Base.lproj/LaunchScreen.storyboard; sourceTree = "<group>"; };
		8F0742CC271C710C004987CF /* Info.plist */ = {isa = PBXFileReference; lastKnownFileType = text.plist.xml; path = Info.plist; sourceTree = "<group>"; };
		8F0742D3271C97EA004987CF /* nssl0049.jpg */ = {isa = PBXFileReference; lastKnownFileType = image.jpeg; path = nssl0049.jpg; sourceTree = "<group>"; };
		8F0742D4271C97EA004987CF /* nssl0046.jpg */ = {isa = PBXFileReference; lastKnownFileType = image.jpeg; path = nssl0046.jpg; sourceTree = "<group>"; };
		8F0742D5271C97EA004987CF /* nssl0091.jpg */ = {isa = PBXFileReference; lastKnownFileType = image.jpeg; path = nssl0091.jpg; sourceTree = "<group>"; };
		8F0742D6271C97EA004987CF /* nssl0045.jpg */ = {isa = PBXFileReference; lastKnownFileType = image.jpeg; path = nssl0045.jpg; sourceTree = "<group>"; };
		8F0742D7271C97EA004987CF /* nssl0051.jpg */ = {isa = PBXFileReference; lastKnownFileType = image.jpeg; path = nssl0051.jpg; sourceTree = "<group>"; };
		8F0742D8271C97EA004987CF /* nssl0041.jpg */ = {isa = PBXFileReference; lastKnownFileType = image.jpeg; path = nssl0041.jpg; sourceTree = "<group>"; };
		8F0742D9271C97EA004987CF /* nssl0042.jpg */ = {isa = PBXFileReference; lastKnownFileType = image.jpeg; path = nssl0042.jpg; sourceTree = "<group>"; };
		8F0742DA271C97EA004987CF /* nssl0043.jpg */ = {isa = PBXFileReference; lastKnownFileType = image.jpeg; path = nssl0043.jpg; sourceTree = "<group>"; };
		8F0742DB271C97EA004987CF /* nssl0033.jpg */ = {isa = PBXFileReference; lastKnownFileType = image.jpeg; path = nssl0033.jpg; sourceTree = "<group>"; };
		8F0742DC271C97EA004987CF /* nssl0034.jpg */ = {isa = PBXFileReference; lastKnownFileType = image.jpeg; path = nssl0034.jpg; sourceTree = "<group>"; };
		8F0742E7271DE416004987CF /* DetailViewController.swift */ = {isa = PBXFileReference; lastKnownFileType = sourcecode.swift; path = DetailViewController.swift; sourceTree = "<group>"; };
		8F0742E8271DE416004987CF /* DetailViewController.xib */ = {isa = PBXFileReference; lastKnownFileType = file.xib; path = DetailViewController.xib; sourceTree = "<group>"; };
/* End PBXFileReference section */

/* Begin PBXFrameworksBuildPhase section */
		8F0742B8271C710A004987CF /* Frameworks */ = {
			isa = PBXFrameworksBuildPhase;
			buildActionMask = 2147483647;
			files = (
			);
			runOnlyForDeploymentPostprocessing = 0;
		};
/* End PBXFrameworksBuildPhase section */

/* Begin PBXGroup section */
		8F0742B2271C710A004987CF = {
			isa = PBXGroup;
			children = (
				8F0742BD271C710A004987CF /* Project3 */,
				8F0742BC271C710A004987CF /* Products */,
			);
			sourceTree = "<group>";
		};
		8F0742BC271C710A004987CF /* Products */ = {
			isa = PBXGroup;
			children = (
				8F0742BB271C710A004987CF /* Project3.app */,
			);
			name = Products;
			sourceTree = "<group>";
		};
		8F0742BD271C710A004987CF /* Project3 */ = {
			isa = PBXGroup;
			children = (
				8F0742D2271C97EA004987CF /* Content */,
				8F0742BE271C710A004987CF /* AppDelegate.swift */,
				8F0742C0271C710A004987CF /* SceneDelegate.swift */,
				8F0742C2271C710A004987CF /* ViewController.swift */,
				8F0742E7271DE416004987CF /* DetailViewController.swift */,
				8F0742E8271DE416004987CF /* DetailViewController.xib */,
				8F0742C4271C710A004987CF /* Main.storyboard */,
				8F0742C7271C710C004987CF /* Assets.xcassets */,
				8F0742C9271C710C004987CF /* LaunchScreen.storyboard */,
				8F0742CC271C710C004987CF /* Info.plist */,
			);
			path = Project3;
			sourceTree = "<group>";
		};
		8F0742D2271C97EA004987CF /* Content */ = {
			isa = PBXGroup;
			children = (
				8F0742D3271C97EA004987CF /* nssl0049.jpg */,
				8F0742D4271C97EA004987CF /* nssl0046.jpg */,
				8F0742D5271C97EA004987CF /* nssl0091.jpg */,
				8F0742D6271C97EA004987CF /* nssl0045.jpg */,
				8F0742D7271C97EA004987CF /* nssl0051.jpg */,
				8F0742D8271C97EA004987CF /* nssl0041.jpg */,
				8F0742D9271C97EA004987CF /* nssl0042.jpg */,
				8F0742DA271C97EA004987CF /* nssl0043.jpg */,
				8F0742DB271C97EA004987CF /* nssl0033.jpg */,
				8F0742DC271C97EA004987CF /* nssl0034.jpg */,
			);
			path = Content;
			sourceTree = "<group>";
		};
/* End PBXGroup section */

/* Begin PBXNativeTarget section */
		8F0742BA271C710A004987CF /* Project3 */ = {
			isa = PBXNativeTarget;
			buildConfigurationList = 8F0742CF271C710C004987CF /* Build configuration list for PBXNativeTarget "Project3" */;
			buildPhases = (
				8F0742B7271C710A004987CF /* Sources */,
				8F0742B8271C710A004987CF /* Frameworks */,
				8F0742B9271C710A004987CF /* Resources */,
			);
			buildRules = (
			);
			dependencies = (
			);
			name = Project3;
			productName = Project1;
			productReference = 8F0742BB271C710A004987CF /* Project3.app */;
			productType = "com.apple.product-type.application";
		};
/* End PBXNativeTarget section */

/* Begin PBXProject section */
		8F0742B3271C710A004987CF /* Project object */ = {
			isa = PBXProject;
			attributes = {
				BuildIndependentTargetsInParallel = 1;
				LastSwiftUpdateCheck = 1300;
				LastUpgradeCheck = 1300;
				TargetAttributes = {
					8F0742BA271C710A004987CF = {
						CreatedOnToolsVersion = 13.0;
					};
				};
			};
			buildConfigurationList = 8F0742B6271C710A004987CF /* Build configuration list for PBXProject "Project3" */;
			compatibilityVersion = "Xcode 13.0";
			developmentRegion = en;
			hasScannedForEncodings = 0;
			knownRegions = (
				en,
				Base,
			);
			mainGroup = 8F0742B2271C710A004987CF;
			productRefGroup = 8F0742BC271C710A004987CF /* Products */;
			projectDirPath = "";
			projectRoot = "";
			targets = (
				8F0742BA271C710A004987CF /* Project3 */,
			);
		};
/* End PBXProject section */

/* Begin PBXResourcesBuildPhase section */
		8F0742B9271C710A004987CF /* Resources */ = {
			isa = PBXResourcesBuildPhase;
			buildActionMask = 2147483647;
			files = (
				8F0742DE271C97EA004987CF /* nssl0046.jpg in Resources */,
				8F0742E5271C97EA004987CF /* nssl0033.jpg in Resources */,
				8F0742E1271C97EA004987CF /* nssl0051.jpg in Resources */,
				8F0742DF271C97EA004987CF /* nssl0091.jpg in Resources */,
				8F0742E4271C97EA004987CF /* nssl0043.jpg in Resources */,
				8F0742E6271C97EA004987CF /* nssl0034.jpg in Resources */,
				8F0742DD271C97EA004987CF /* nssl0049.jpg in Resources */,
				8F0742E2271C97EA004987CF /* nssl0041.jpg in Resources */,
				8F0742E3271C97EA004987CF /* nssl0042.jpg in Resources */,
				8F0742EA271DE416004987CF /* DetailViewController.xib in Resources */,
				8F0742CB271C710C004987CF /* LaunchScreen.storyboard in Resources */,
				8F0742C8271C710C004987CF /* Assets.xcassets in Resources */,
				8F0742E0271C97EA004987CF /* nssl0045.jpg in Resources */,
				8F0742C6271C710A004987CF /* Main.storyboard in Resources */,
			);
			runOnlyForDeploymentPostprocessing = 0;
		};
/* End PBXResourcesBuildPhase section */

/* Begin PBXSourcesBuildPhase section */
		8F0742B7271C710A004987CF /* Sources */ = {
			isa = PBXSourcesBuildPhase;
			buildActionMask = 2147483647;
			files = (
				8F0742C3271C710A004987CF /* ViewController.swift in Sources */,
				8F0742BF271C710A004987CF /* AppDelegate.swift in Sources */,
				8F0742C1271C710A004987CF /* SceneDelegate.swift in Sources */,
				8F0742E9271DE416004987CF /* DetailViewController.swift in Sources */,
			);
			runOnlyForDeploymentPostprocessing = 0;
		};
/* End PBXSourcesBuildPhase section */

/* Begin PBXVariantGroup section */
		8F0742C4271C710A004987CF /* Main.storyboard */ = {
			isa = PBXVariantGroup;
			children = (
				8F0742C5271C710A004987CF /* Base */,
			);
			name = Main.storyboard;
			sourceTree = "<group>";
		};
		8F0742C9271C710C004987CF /* LaunchScreen.storyboard */ = {
			isa = PBXVariantGroup;
			children = (
				8F0742CA271C710C004987CF /* Base */,
			);
			name = LaunchScreen.storyboard;
			sourceTree = "<group>";
		};
/* End PBXVariantGroup section */

/* Begin XCBuildConfiguration section */
		8F0742CD271C710C004987CF /* Debug */ = {
			isa = XCBuildConfiguration;
			buildSettings = {
				ALWAYS_SEARCH_USER_PATHS = NO;
				CLANG_ANALYZER_NONNULL = YES;
				CLANG_ANALYZER_NUMBER_OBJECT_CONVERSION = YES_AGGRESSIVE;
				CLANG_CXX_LANGUAGE_STANDARD = "gnu++17";
				CLANG_CXX_LIBRARY = "libc++";
				CLANG_ENABLE_MODULES = YES;
				CLANG_ENABLE_OBJC_ARC = YES;
				CLANG_ENABLE_OBJC_WEAK = YES;
				CLANG_WARN_BLOCK_CAPTURE_AUTORELEASING = YES;
				CLANG_WARN_BOOL_CONVERSION = YES;
				CLANG_WARN_COMMA = YES;
				CLANG_WARN_CONSTANT_CONVERSION = YES;
				CLANG_WARN_DEPRECATED_OBJC_IMPLEMENTATIONS = YES;
				CLANG_WARN_DIRECT_OBJC_ISA_USAGE = YES_ERROR;
				CLANG_WARN_DOCUMENTATION_COMMENTS = YES;
				CLANG_WARN_EMPTY_BODY = YES;
				CLANG_WARN_ENUM_CONVERSION = YES;
				CLANG_WARN_INFINITE_RECURSION = YES;
				CLANG_WARN_INT_CONVERSION = YES;
				CLANG_WARN_NON_LITERAL_NULL_CONVERSION = YES;
				CLANG_WARN_OBJC_IMPLICIT_RETAIN_SELF = YES;
				CLANG_WARN_OBJC_LITERAL_CONVERSION = YES;
				CLANG_WARN_OBJC_ROOT_CLASS = YES_ERROR;
				CLANG_WARN_QUOTED_INCLUDE_IN_FRAMEWORK_HEADER = YES;
				CLANG_WARN_RANGE_LOOP_ANALYSIS = YES;
				CLANG_WARN_STRICT_PROTOTYPES = YES;
				CLANG_WARN_SUSPICIOUS_MOVE = YES;
				CLANG_WARN_UNGUARDED_AVAILABILITY = YES_AGGRESSIVE;
				CLANG_WARN_UNREACHABLE_CODE = YES;
				CLANG_WARN__DUPLICATE_METHOD_MATCH = YES;
				COPY_PHASE_STRIP = NO;
				DEBUG_INFORMATION_FORMAT = dwarf;
				ENABLE_STRICT_OBJC_MSGSEND = YES;
				ENABLE_TESTABILITY = YES;
				GCC_C_LANGUAGE_STANDARD = gnu11;
				GCC_DYNAMIC_NO_PIC = NO;
				GCC_NO_COMMON_BLOCKS = YES;
				GCC_OPTIMIZATION_LEVEL = 0;
				GCC_PREPROCESSOR_DEFINITIONS = (
					"DEBUG=1",
					"$(inherited)",
				);
				GCC_WARN_64_TO_32_BIT_CONVERSION = YES;
				GCC_WARN_ABOUT_RETURN_TYPE = YES_ERROR;
				GCC_WARN_UNDECLARED_SELECTOR = YES;
				GCC_WARN_UNINITIALIZED_AUTOS = YES_AGGRESSIVE;
				GCC_WARN_UNUSED_FUNCTION = YES;
				GCC_WARN_UNUSED_VARIABLE = YES;
				IPHONEOS_DEPLOYMENT_TARGET = 15.0;
				MTL_ENABLE_DEBUG_INFO = INCLUDE_SOURCE;
				MTL_FAST_MATH = YES;
				ONLY_ACTIVE_ARCH = YES;
				SDKROOT = iphoneos;
				SWIFT_ACTIVE_COMPILATION_CONDITIONS = DEBUG;
				SWIFT_OPTIMIZATION_LEVEL = "-Onone";
			};
			name = Debug;
		};
		8F0742CE271C710C004987CF /* Release */ = {
			isa = XCBuildConfiguration;
			buildSettings = {
				ALWAYS_SEARCH_USER_PATHS = NO;
				CLANG_ANALYZER_NONNULL = YES;
				CLANG_ANALYZER_NUMBER_OBJECT_CONVERSION = YES_AGGRESSIVE;
				CLANG_CXX_LANGUAGE_STANDARD = "gnu++17";
				CLANG_CXX_LIBRARY = "libc++";
				CLANG_ENABLE_MODULES = YES;
				CLANG_ENABLE_OBJC_ARC = YES;
				CLANG_ENABLE_OBJC_WEAK = YES;
				CLANG_WARN_BLOCK_CAPTURE_AUTORELEASING = YES;
				CLANG_WARN_BOOL_CONVERSION = YES;
				CLANG_WARN_COMMA = YES;
				CLANG_WARN_CONSTANT_CONVERSION = YES;
				CLANG_WARN_DEPRECATED_OBJC_IMPLEMENTATIONS = YES;
				CLANG_WARN_DIRECT_OBJC_ISA_USAGE = YES_ERROR;
				CLANG_WARN_DOCUMENTATION_COMMENTS = YES;
				CLANG_WARN_EMPTY_BODY = YES;
				CLANG_WARN_ENUM_CONVERSION = YES;
				CLANG_WARN_INFINITE_RECURSION = YES;
				CLANG_WARN_INT_CONVERSION = YES;
				CLANG_WARN_NON_LITERAL_NULL_CONVERSION = YES;
				CLANG_WARN_OBJC_IMPLICIT_RETAIN_SELF = YES;
				CLANG_WARN_OBJC_LITERAL_CONVERSION = YES;
				CLANG_WARN_OBJC_ROOT_CLASS = YES_ERROR;
				CLANG_WARN_QUOTED_INCLUDE_IN_FRAMEWORK_HEADER = YES;
				CLANG_WARN_RANGE_LOOP_ANALYSIS = YES;
				CLANG_WARN_STRICT_PROTOTYPES = YES;
				CLANG_WARN_SUSPICIOUS_MOVE = YES;
				CLANG_WARN_UNGUARDED_AVAILABILITY = YES_AGGRESSIVE;
				CLANG_WARN_UNREACHABLE_CODE = YES;
				CLANG_WARN__DUPLICATE_METHOD_MATCH = YES;
				COPY_PHASE_STRIP = NO;
				DEBUG_INFORMATION_FORMAT = "dwarf-with-dsym";
				ENABLE_NS_ASSERTIONS = NO;
				ENABLE_STRICT_OBJC_MSGSEND = YES;
				GCC_C_LANGUAGE_STANDARD = gnu11;
				GCC_NO_COMMON_BLOCKS = YES;
				GCC_WARN_64_TO_32_BIT_CONVERSION = YES;
				GCC_WARN_ABOUT_RETURN_TYPE = YES_ERROR;
				GCC_WARN_UNDECLARED_SELECTOR = YES;
				GCC_WARN_UNINITIALIZED_AUTOS = YES_AGGRESSIVE;
				GCC_WARN_UNUSED_FUNCTION = YES;
				GCC_WARN_UNUSED_VARIABLE = YES;
				IPHONEOS_DEPLOYMENT_TARGET = 15.0;
				MTL_ENABLE_DEBUG_INFO = NO;
				MTL_FAST_MATH = YES;
				SDKROOT = iphoneos;
				SWIFT_COMPILATION_MODE = wholemodule;
				SWIFT_OPTIMIZATION_LEVEL = "-O";
				VALIDATE_PRODUCT = YES;
			};
			name = Release;
		};
		8F0742D0271C710C004987CF /* Debug */ = {
			isa = XCBuildConfiguration;
			buildSettings = {
				ASSETCATALOG_COMPILER_APPICON_NAME = AppIcon;
				ASSETCATALOG_COMPILER_GLOBAL_ACCENT_COLOR_NAME = AccentColor;
				CODE_SIGN_STYLE = Automatic;
				CURRENT_PROJECT_VERSION = 1;
				DEVELOPMENT_TEAM = EH8PU9789P;
				GENERATE_INFOPLIST_FILE = YES;
				INFOPLIST_FILE = Project3/Info.plist;
				INFOPLIST_KEY_NSPhotoLibraryAddUsageDescription = "We need to save photos you like";
				INFOPLIST_KEY_UIApplicationSupportsIndirectInputEvents = YES;
				INFOPLIST_KEY_UILaunchStoryboardName = LaunchScreen;
				INFOPLIST_KEY_UIMainStoryboardFile = Main;
				INFOPLIST_KEY_UISupportedInterfaceOrientations_iPad = "UIInterfaceOrientationPortrait UIInterfaceOrientationPortraitUpsideDown UIInterfaceOrientationLandscapeLeft UIInterfaceOrientationLandscapeRight";
				INFOPLIST_KEY_UISupportedInterfaceOrientations_iPhone = "UIInterfaceOrientationPortrait UIInterfaceOrientationLandscapeLeft UIInterfaceOrientationLandscapeRight";
				LD_RUNPATH_SEARCH_PATHS = (
					"$(inherited)",
					"@executable_path/Frameworks",
				);
				MARKETING_VERSION = 1.0;
				PRODUCT_BUNDLE_IDENTIFIER = com.patrick.Project3;
				PRODUCT_NAME = "$(TARGET_NAME)";
				SWIFT_EMIT_LOC_STRINGS = YES;
				SWIFT_VERSION = 5.0;
				TARGETED_DEVICE_FAMILY = "1,2";
			};
			name = Debug;
		};
		8F0742D1271C710C004987CF /* Release */ = {
			isa = XCBuildConfiguration;
			buildSettings = {
				ASSETCATALOG_COMPILER_APPICON_NAME = AppIcon;
				ASSETCATALOG_COMPILER_GLOBAL_ACCENT_COLOR_NAME = AccentColor;
				CODE_SIGN_STYLE = Automatic;
				CURRENT_PROJECT_VERSION = 1;
				DEVELOPMENT_TEAM = EH8PU9789P;
				GENERATE_INFOPLIST_FILE = YES;
				INFOPLIST_FILE = Project3/Info.plist;
				INFOPLIST_KEY_NSPhotoLibraryAddUsageDescription = "We need to save photos you like";
				INFOPLIST_KEY_UIApplicationSupportsIndirectInputEvents = YES;
				INFOPLIST_KEY_UILaunchStoryboardName = LaunchScreen;
				INFOPLIST_KEY_UIMainStoryboardFile = Main;
				INFOPLIST_KEY_UISupportedInterfaceOrientations_iPad = "UIInterfaceOrientationPortrait UIInterfaceOrientationPortraitUpsideDown UIInterfaceOrientationLandscapeLeft UIInterfaceOrientationLandscapeRight";
				INFOPLIST_KEY_UISupportedInterfaceOrientations_iPhone = "UIInterfaceOrientationPortrait UIInterfaceOrientationLandscapeLeft UIInterfaceOrientationLandscapeRight";
				LD_RUNPATH_SEARCH_PATHS = (
					"$(inherited)",
					"@executable_path/Frameworks",
				);
				MARKETING_VERSION = 1.0;
				PRODUCT_BUNDLE_IDENTIFIER = com.patrick.Project3;
				PRODUCT_NAME = "$(TARGET_NAME)";
				SWIFT_EMIT_LOC_STRINGS = YES;
				SWIFT_VERSION = 5.0;
				TARGETED_DEVICE_FAMILY = "1,2";
			};
			name = Release;
		};
/* End XCBuildConfiguration section */

/* Begin XCConfigurationList section */
		8F0742B6271C710A004987CF /* Build configuration list for PBXProject "Project3" */ = {
			isa = XCConfigurationList;
			buildConfigurations = (
				8F0742CD271C710C004987CF /* Debug */,
				8F0742CE271C710C004987CF /* Release */,
			);
			defaultConfigurationIsVisible = 0;
			defaultConfigurationName = Release;
		};
		8F0742CF271C710C004987CF /* Build configuration list for PBXNativeTarget "Project3" */ = {
			isa = XCConfigurationList;
			buildConfigurations = (
				8F0742D0271C710C004987CF /* Debug */,
				8F0742D1271C710C004987CF /* Release */,
			);
			defaultConfigurationIsVisible = 0;
			defaultConfigurationName = Release;
		};
/* End XCConfigurationList section */
	};
	rootObject = 8F0742B3271C710A004987CF /* Project object */;
}
